
Microsoft Visual Studio Solution File, Format Version 11.00
# Visual Studio 2010
Project("{8BC9CEB8-8B4A-11D0-8D11-00A0C91BC942}") = "3d", "3d.vcxproj", "{9FCF6199-6C1B-4713-9C64-C4BA29F4383B}"
EndProject
Project("{8BC9CEB8-8B4A-11D0-8D11-00A0C91BC942}") = "event_parameter", "event_parameter.vcxproj", "{76395C16-47E2-4103-B222-D09BF9C043D1}"
EndProject
Project("{8BC9CEB8-8B4A-11D0-8D11-00A0C91BC942}") = "load_banks", "load_banks.vcxproj", "{1FCDD6CC-D0D6-47E4-997F-2073A680A2F0}"
EndProject
Project("{8BC9CEB8-8B4A-11D0-8D11-00A0C91BC942}") = "music_callbacks", "music_callbacks.vcxproj", "{1E14E9D4-CB51-484F-A50B-C19F1D375776}"
EndProject
Project("{8BC9CEB8-8B4A-11D0-8D11-00A0C91BC942}") = "objectpan", "objectpan.vcxproj", "{0393F51B-5615-4CED-A0FE-B427AA4DF0FB}"
EndProject
Project("{8BC9CEB8-8B4A-11D0-8D11-00A0C91BC942}") = "programmer_sound", "programmer_sound.vcxproj", "{1435A33F-758F-4CDD-886F-C281FA9CD74F}"
EndProject
Project("{8BC9CEB8-8B4A-11D0-8D11-00A0C91BC942}") = "recording_playback", "recording_playback.vcxproj", "{8641496D-FF03-4C9D-84A8-95538CA2E4FF}"
EndProject
Project("{8BC9CEB8-8B4A-11D0-8D11-00A0C91BC942}") = "simple_event", "simple_event.vcxproj", "{159B0F01-0B58-419B-A1D7-6D2FD1008E0F}"
EndProject
Global
	GlobalSection(SolutionConfigurationPlatforms) = preSolution
		Debug|Win32 = Debug|Win32
		Debug|x64 = Debug|x64
		Release|Win32 = Release|Win32
		Release|x64 = Release|x64
	EndGlobalSection
	GlobalSection(ProjectConfigurationPlatforms) = postSolution
		{9FCF6199-6C1B-4713-9C64-C4BA29F4383B}.Debug|Win32.ActiveCfg = Debug|Win32
		{9FCF6199-6C1B-4713-9C64-C4BA29F4383B}.Debug|Win32.Build.0 = Debug|Win32
		{9FCF6199-6C1B-4713-9C64-C4BA29F4383B}.Debug|Win32.Deploy.0 = Debug|Win32
		{9FCF6199-6C1B-4713-9C64-C4BA29F4383B}.Debug|x64.ActiveCfg = Debug|x64
		{9FCF6199-6C1B-4713-9C64-C4BA29F4383B}.Debug|x64.Build.0 = Debug|x64
		{9FCF6199-6C1B-4713-9C64-C4BA29F4383B}.Debug|x64.Deploy.0 = Debug|x64
		{9FCF6199-6C1B-4713-9C64-C4BA29F4383B}.Release|Win32.ActiveCfg = Release|Win32
		{9FCF6199-6C1B-4713-9C64-C4BA29F4383B}.Release|Win32.Build.0 = Release|Win32
		{9FCF6199-6C1B-4713-9C64-C4BA29F4383B}.Release|Win32.Deploy.0 = Release|Win32
		{9FCF6199-6C1B-4713-9C64-C4BA29F4383B}.Release|x64.ActiveCfg = Release|x64
		{9FCF6199-6C1B-4713-9C64-C4BA29F4383B}.Release|x64.Build.0 = Release|x64
		{9FCF6199-6C1B-4713-9C64-C4BA29F4383B}.Release|x64.Deploy.0 = Release|x64
		{76395C16-47E2-4103-B222-D09BF9C043D1}.Debug|Win32.ActiveCfg = Debug|Win32
		{76395C16-47E2-4103-B222-D09BF9C043D1}.Debug|Win32.Build.0 = Debug|Win32
		{76395C16-47E2-4103-B222-D09BF9C043D1}.Debug|Win32.Deploy.0 = Debug|Win32
		{76395C16-47E2-4103-B222-D09BF9C043D1}.Debug|x64.ActiveCfg = Debug|x64
		{76395C16-47E2-4103-B222-D09BF9C043D1}.Debug|x64.Build.0 = Debug|x64
		{76395C16-47E2-4103-B222-D09BF9C043D1}.Debug|x64.Deploy.0 = Debug|x64
		{76395C16-47E2-4103-B222-D09BF9C043D1}.Release|Win32.ActiveCfg = Release|Win32
		{76395C16-47E2-4103-B222-D09BF9C043D1}.Release|Win32.Build.0 = Release|Win32
		{76395C16-47E2-4103-B222-D09BF9C043D1}.Release|Win32.Deploy.0 = Release|Win32
		{76395C16-47E2-4103-B222-D09BF9C043D1}.Release|x64.ActiveCfg = Release|x64
		{76395C16-47E2-4103-B222-D09BF9C043D1}.Release|x64.Build.0 = Release|x64
		{76395C16-47E2-4103-B222-D09BF9C043D1}.Release|x64.Deploy.0 = Release|x64
		{1FCDD6CC-D0D6-47E4-997F-2073A680A2F0}.Debug|Win32.ActiveCfg = Debug|Win32
		{1FCDD6CC-D0D6-47E4-997F-2073A680A2F0}.Debug|Win32.Build.0 = Debug|Win32
		{1FCDD6CC-D0D6-47E4-997F-2073A680A2F0}.Debug|Win32.Deploy.0 = Debug|Win32
		{1FCDD6CC-D0D6-47E4-997F-2073A680A2F0}.Debug|x64.ActiveCfg = Debug|x64
		{1FCDD6CC-D0D6-47E4-997F-2073A680A2F0}.Debug|x64.Build.0 = Debug|x64
		{1FCDD6CC-D0D6-47E4-997F-2073A680A2F0}.Debug|x64.Deploy.0 = Debug|x64
		{1FCDD6CC-D0D6-47E4-997F-2073A680A2F0}.Release|Win32.ActiveCfg = Release|Win32
		{1FCDD6CC-D0D6-47E4-997F-2073A680A2F0}.Release|Win32.Build.0 = Release|Win32
		{1FCDD6CC-D0D6-47E4-997F-2073A680A2F0}.Release|Win32.Deploy.0 = Release|Win32
		{1FCDD6CC-D0D6-47E4-997F-2073A680A2F0}.Release|x64.ActiveCfg = Release|x64
		{1FCDD6CC-D0D6-47E4-997F-2073A680A2F0}.Release|x64.Build.0 = Release|x64
		{1FCDD6CC-D0D6-47E4-997F-2073A680A2F0}.Release|x64.Deploy.0 = Release|x64
		{1E14E9D4-CB51-484F-A50B-C19F1D375776}.Debug|Win32.ActiveCfg = Debug|Win32
		{1E14E9D4-CB51-484F-A50B-C19F1D375776}.Debug|Win32.Build.0 = Debug|Win32
		{1E14E9D4-CB51-484F-A50B-C19F1D375776}.Debug|Win32.Deploy.0 = Debug|Win32
		{1E14E9D4-CB51-484F-A50B-C19F1D375776}.Debug|x64.ActiveCfg = Debug|x64
		{1E14E9D4-CB51-484F-A50B-C19F1D375776}.Debug|x64.Build.0 = Debug|x64
		{1E14E9D4-CB51-484F-A50B-C19F1D375776}.Debug|x64.Deploy.0 = Debug|x64
		{1E14E9D4-CB51-484F-A50B-C19F1D375776}.Release|Win32.ActiveCfg = Release|Win32
		{1E14E9D4-CB51-484F-A50B-C19F1D375776}.Release|Win32.Build.0 = Release|Win32
		{1E14E9D4-CB51-484F-A50B-C19F1D375776}.Release|Win32.Deploy.0 = Release|Win32
		{1E14E9D4-CB51-484F-A50B-C19F1D375776}.Release|x64.ActiveCfg = Release|x64
		{1E14E9D4-CB51-484F-A50B-C19F1D375776}.Release|x64.Build.0 = Release|x64
		{1E14E9D4-CB51-484F-A50B-C19F1D375776}.Release|x64.Deploy.0 = Release|x64
		{0393F51B-5615-4CED-A0FE-B427AA4DF0FB}.Debug|Win32.ActiveCfg = Debug|Win32
		{0393F51B-5615-4CED-A0FE-B427AA4DF0FB}.Debug|Win32.Build.0 = Debug|Win32
		{0393F51B-5615-4CED-A0FE-B427AA4DF0FB}.Debug|Win32.Deploy.0 = Debug|Win32
		{0393F51B-5615-4CED-A0FE-B427AA4DF0FB}.Debug|x64.ActiveCfg = Debug|x64
		{0393F51B-5615-4CED-A0FE-B427AA4DF0FB}.Debug|x64.Build.0 = Debug|x64
		{0393F51B-5615-4CED-A0FE-B427AA4DF0FB}.Debug|x64.Deploy.0 = Debug|x64
		{0393F51B-5615-4CED-A0FE-B427AA4DF0FB}.Release|Win32.ActiveCfg = Release|Win32
		{0393F51B-5615-4CED-A0FE-B427AA4DF0FB}.Release|Win32.Build.0 = Release|Win32
		{0393F51B-5615-4CED-A0FE-B427AA4DF0FB}.Release|Win32.Deploy.0 = Release|Win32
		{0393F51B-5615-4CED-A0FE-B427AA4DF0FB}.Release|x64.ActiveCfg = Release|x64
		{0393F51B-5615-4CED-A0FE-B427AA4DF0FB}.Release|x64.Build.0 = Release|x64
		{0393F51B-5615-4CED-A0FE-B427AA4DF0FB}.Release|x64.Deploy.0 = Release|x64
		{1435A33F-758F-4CDD-886F-C281FA9CD74F}.Debug|Win32.ActiveCfg = Debug|Win32
		{1435A33F-758F-4CDD-886F-C281FA9CD74F}.Debug|Win32.Build.0 = Debug|Win32
		{1435A33F-758F-4CDD-886F-C281FA9CD74F}.Debug|Win32.Deploy.0 = Debug|Win32
		{1435A33F-758F-4CDD-886F-C281FA9CD74F}.Debug|x64.ActiveCfg = Debug|x64
		{1435A33F-758F-4CDD-886F-C281FA9CD74F}.Debug|x64.Build.0 = Debug|x64
		{1435A33F-758F-4CDD-886F-C281FA9CD74F}.Debug|x64.Deploy.0 = Debug|x64
		{1435A33F-758F-4CDD-886F-C281FA9CD74F}.Release|Win32.ActiveCfg = Release|Win32
		{1435A33F-758F-4CDD-886F-C281FA9CD74F}.Release|Win32.Build.0 = Release|Win32
		{1435A33F-758F-4CDD-886F-C281FA9CD74F}.Release|Win32.Deploy.0 = Release|Win32
		{1435A33F-758F-4CDD-886F-C281FA9CD74F}.Release|x64.ActiveCfg = Release|x64
		{1435A33F-758F-4CDD-886F-C281FA9CD74F}.Release|x64.Build.0 = Release|x64
		{1435A33F-758F-4CDD-886F-C281FA9CD74F}.Release|x64.Deploy.0 = Release|x64
		{8641496D-FF03-4C9D-84A8-95538CA2E4FF}.Debug|Win32.ActiveCfg = Debug|Win32
		{8641496D-FF03-4C9D-84A8-95538CA2E4FF}.Debug|Win32.Build.0 = Debug|Win32
		{8641496D-FF03-4C9D-84A8-95538CA2E4FF}.Debug|Win32.Deploy.0 = Debug|Win32
		{8641496D-FF03-4C9D-84A8-95538CA2E4FF}.Debug|x64.ActiveCfg = Debug|x64
		{8641496D-FF03-4C9D-84A8-95538CA2E4FF}.Debug|x64.Build.0 = Debug|x64
		{8641496D-FF03-4C9D-84A8-95538CA2E4FF}.Debug|x64.Deploy.0 = Debug|x64
		{8641496D-FF03-4C9D-84A8-95538CA2E4FF}.Release|Win32.ActiveCfg = Release|Win32
		{8641496D-FF03-4C9D-84A8-95538CA2E4FF}.Release|Win32.Build.0 = Release|Win32
		{8641496D-FF03-4C9D-84A8-95538CA2E4FF}.Release|Win32.Deploy.0 = Release|Win32
		{8641496D-FF03-4C9D-84A8-95538CA2E4FF}.Release|x64.ActiveCfg = Release|x64
		{8641496D-FF03-4C9D-84A8-95538CA2E4FF}.Release|x64.Build.0 = Release|x64
		{8641496D-FF03-4C9D-84A8-95538CA2E4FF}.Release|x64.Deploy.0 = Release|x64
		{159B0F01-0B58-419B-A1D7-6D2FD1008E0F}.Debug|Win32.ActiveCfg = Debug|Win32
		{159B0F01-0B58-419B-A1D7-6D2FD1008E0F}.Debug|Win32.Build.0 = Debug|Win32
		{159B0F01-0B58-419B-A1D7-6D2FD1008E0F}.Debug|Win32.Deploy.0 = Debug|Win32
		{159B0F01-0B58-419B-A1D7-6D2FD1008E0F}.Debug|x64.ActiveCfg = Debug|x64
		{159B0F01-0B58-419B-A1D7-6D2FD1008E0F}.Debug|x64.Build.0 = Debug|x64
		{159B0F01-0B58-419B-A1D7-6D2FD1008E0F}.Debug|x64.Deploy.0 = Debug|x64
		{159B0F01-0B58-419B-A1D7-6D2FD1008E0F}.Release|Win32.ActiveCfg = Release|Win32
		{159B0F01-0B58-419B-A1D7-6D2FD1008E0F}.Release|Win32.Build.0 = Release|Win32
		{159B0F01-0B58-419B-A1D7-6D2FD1008E0F}.Release|Win32.Deploy.0 = Release|Win32
		{159B0F01-0B58-419B-A1D7-6D2FD1008E0F}.Release|x64.ActiveCfg = Release|x64
		{159B0F01-0B58-419B-A1D7-6D2FD1008E0F}.Release|x64.Build.0 = Release|x64
		{159B0F01-0B58-419B-A1D7-6D2FD1008E0F}.Release|x64.Deploy.0 = Release|x64
	EndGlobalSection
	GlobalSection(SolutionProperties) = preSolution
		HideSolutionNode = FALSE
	EndGlobalSection
EndGlobal
